
Microsoft Visual Studio Solution File, Format Version 12.00
# Visual Studio Version 17
VisualStudioVersion = 17.5.33424.131
MinimumVisualStudioVersion = 10.0.40219.1
Project("{FAE04EC0-301F-11D3-BF4B-00C04F79EFBC}") = "Ebusinesstemplate", "Ebusinesstemplate\Ebusinesstemplate.csproj", "{4BE53B46-919C-4B24-8E4B-B953E6852C25}"
EndProject
Global
	GlobalSection(SolutionConfigurationPlatforms) = preSolution
		Debug|Any CPU = Debug|Any CPU
		Release|Any CPU = Release|Any CPU
	EndGlobalSection
	GlobalSection(ProjectConfigurationPlatforms) = postSolution
		{4BE53B46-919C-4B24-8E4B-B953E6852C25}.Debug|Any CPU.ActiveCfg = Debug|Any CPU
		{4BE53B46-919C-4B24-8E4B-B953E6852C25}.Debug|Any CPU.Build.0 = Debug|Any CPU
		{4BE53B46-919C-4B24-8E4B-B953E6852C25}.Release|Any CPU.ActiveCfg = Release|Any CPU
		{4BE53B46-919C-4B24-8E4B-B953E6852C25}.Release|Any CPU.Build.0 = Release|Any CPU
	EndGlobalSection
	GlobalSection(SolutionProperties) = preSolution
		HideSolutionNode = FALSE
	EndGlobalSection
	GlobalSection(ExtensibilityGlobals) = postSolution
		SolutionGuid = {590038C9-F04E-432F-BD59-47098E5CF33B}
	EndGlobalSection
EndGlobal
